
Microsoft Visual Studio Solution File, Format Version 12.00
Project("{FAE04EC0-301F-11D3-BF4B-00C04F79EFBC}") = "Actividad2", "Actividad2\Actividad2.csproj", "{B74975A2-A69A-4B65-8163-87DCE11E55EA}"
EndProject
Global
	GlobalSection(SolutionConfigurationPlatforms) = preSolution
		Debug|Any CPU = Debug|Any CPU
		Release|Any CPU = Release|Any CPU
	EndGlobalSection
	GlobalSection(ProjectConfigurationPlatforms) = postSolution
		{B74975A2-A69A-4B65-8163-87DCE11E55EA}.Debug|Any CPU.ActiveCfg = Debug|Any CPU
		{B74975A2-A69A-4B65-8163-87DCE11E55EA}.Debug|Any CPU.Build.0 = Debug|Any CPU
		{B74975A2-A69A-4B65-8163-87DCE11E55EA}.Release|Any CPU.ActiveCfg = Release|Any CPU
		{B74975A2-A69A-4B65-8163-87DCE11E55EA}.Release|Any CPU.Build.0 = Release|Any CPU
	EndGlobalSection
EndGlobal
