
Microsoft Visual Studio Solution File, Format Version 12.00
# Visual Studio Version 17
VisualStudioVersion = 17.14.36414.22 d17.14
MinimumVisualStudioVersion = 10.0.40219.1
Project("{FAE04EC0-301F-11D3-BF4B-00C04F79EFBC}") = "Actividad1-Programacion3-2C", "Actividad1-Programacion3-2C\Actividad1-Programacion3-2C.csproj", "{121EDF3A-0E5D-4489-A294-59FE8482F42D}"
EndProject
Global
	GlobalSection(SolutionConfigurationPlatforms) = preSolution
		Debug|Any CPU = Debug|Any CPU
		Release|Any CPU = Release|Any CPU
	EndGlobalSection
	GlobalSection(ProjectConfigurationPlatforms) = postSolution
		{121EDF3A-0E5D-4489-A294-59FE8482F42D}.Debug|Any CPU.ActiveCfg = Debug|Any CPU
		{121EDF3A-0E5D-4489-A294-59FE8482F42D}.Debug|Any CPU.Build.0 = Debug|Any CPU
		{121EDF3A-0E5D-4489-A294-59FE8482F42D}.Release|Any CPU.ActiveCfg = Release|Any CPU
		{121EDF3A-0E5D-4489-A294-59FE8482F42D}.Release|Any CPU.Build.0 = Release|Any CPU
	EndGlobalSection
	GlobalSection(SolutionProperties) = preSolution
		HideSolutionNode = FALSE
	EndGlobalSection
	GlobalSection(ExtensibilityGlobals) = postSolution
		SolutionGuid = {58F3BC81-248F-49A9-8C15-4EB14DC377DC}
	EndGlobalSection
EndGlobal
